<?xml version="1.0" encoding="utf-8"?>
<Project ToolsVersion="4.0" xmlns="http://schemas.microsoft.com/developer/msbuild/2003">
  <ItemGroup>
    <ClCompile Include="src\lionheart\parsing\XMLParser.cpp" />
    <ClCompile Include="src\worldgen\Main.cpp" />
    <ClCompile Include="src\thirdparty\glad\gl.c" />
    <ClCompile Include="src\math\polygons\Icosahedron.cpp" />
    <ClCompile Include="src\math\polygons\Polygon.cpp" />
    <ClCompile Include="src\math\polygons\PolyVertex.cpp" />
    <ClCompile Include="src\math\polygons\Polyhedron.cpp" />
    <ClCompile Include="src\lionheart\util\File.cpp" />
    <ClCompile Include="src\lionheart\graphics\GLShaderProgram.cpp" />
    <ClCompile Include="src\lionheart\graphics\GLVBO.cpp" />
    <ClCompile Include="src\lionheart\graphics\GLEBO.cpp" />
    <ClCompile Include="src\lionheart\graphics\GLVAO.cpp" />
    <ClCompile Include="lib\thirdparty\pugixml\pugixml.cpp" />
    <ClCompile Include="lib\thirdparty\stb\stb_image.cpp" />
    <ClCompile Include="src\lionheart\graphics\GLTexture.cpp" />
    <ClCompile Include="src\lionheart\graphics\GLCamera.cpp" />
    <ClCompile Include="src\lionheart\graphics\GLMesh.cpp" />
    <ClCompile Include="src\lionheart\graphics\GLModel.cpp" />
    <ClCompile Include="src\math\polygons\Cube.cpp" />
    <ClCompile Include="src\worldgen\ValueMap.cpp" />
    <ClCompile Include="src\math\Random.cpp" />
    <ClCompile Include="src\lionheart\ecs\Registry.cpp" />
    <ClCompile Include="src\worldgen\World.cpp" />
    <ClCompile Include="src\worldgen\Fractal.cpp" />
    <ClCompile Include="src\lionheart\ecs\Scheduler.cpp" />
  </ItemGroup>
  <ItemGroup>
    <ClInclude Include="lib\1240\components\creatures\BodyPartComponent.h" />
    <ClInclude Include="lib\1240\components\creatures\BodyPartFunctionInputComponent.h" />
    <ClInclude Include="lib\1240\components\creatures\BodyPartFunctionOutputComponent.h" />
    <ClInclude Include="lib\1240\components\creatures\BodyPartInstanceComponent.h" />
    <ClInclude Include="lib\1240\components\creatures\BodyPartLinkComponent.h" />
    <ClInclude Include="lib\1240\components\creatures\BodyProductionComponent.h" />
    <ClInclude Include="lib\1240\components\creatures\BodyTemplateComponent.h" />
    <ClInclude Include="lib\1240\components\creatures\CreatureFunctionComponent.h" />
    <ClInclude Include="lib\1240\components\creatures\CreatureFunctionLinkComponent.h" />
    <ClInclude Include="lib\1240\components\creatures\OrganComponent.h" />
    <ClInclude Include="lib\1240\components\creatures\SentienceInstanceComponent.h" />
    <ClInclude Include="lib\1240\components\creatures\SentienceTemplateComponent.h" />
    <ClInclude Include="lib\1240\components\creatures\SentienceTraitComponent.h" />
    <ClInclude Include="lib\1240\components\creatures\SentienceTraitLinkComponent.h" />
    <ClInclude Include="lib\1240\components\creatures\SpeciesBodyTemplateLinkComponent.h" />
    <ClInclude Include="lib\1240\components\creatures\SpeciesComponent.h" />
    <ClInclude Include="lib\1240\components\creatures\SpeciesSentienceTemplateLinkComponent.h" />
    <ClInclude Include="lib\1240\components\items\crafting\FlaggedIngredientComponent.h" />
    <ClInclude Include="lib\1240\components\items\ItemComponent.h" />
    <ClInclude Include="lib\1240\components\items\MassUnitComponent.h" />
    <ClInclude Include="lib\1240\components\items\VolumeUnitComponent.h" />
    <ClInclude Include="lib\1240\components\overworld\OverworldMapComponent.h" />
    <ClInclude Include="lib\1240\components\items\crafting\SpecificIngredientComponent.h" />
    <ClInclude Include="lib\1240\components\overworld\OverworldPOIComponent.h" />
    <ClInclude Include="lib\1240\components\RotationComponent.h" />
    <ClInclude Include="lib\1240\components\TransformComponent.h" />
    <ClInclude Include="lib\1240\systems\TestSystem.h" />
    <ClInclude Include="lib\1240\components\FlagsComponent.h" />
    <ClInclude Include="lib\ecs\parsing\XMLParser.h" />
    <ClInclude Include="lib\math\polygons\PolyVertex.h" />
    <ClInclude Include="lib\math\polygons\Icosahedron.h" />
    <ClInclude Include="lib\math\polygons\Polygon.h" />
    <ClInclude Include="lib\math\Constants.h" />
    <ClInclude Include="lib\math\polygons\Polyhedron.h" />
    <ClInclude Include="lib\worldgen\World.h" />
    <ClInclude Include="lib\lionheart\graphics\GLVertex.h" />
    <ClInclude Include="lib\lionheart\graphics\GLTexture.h" />
    <ClInclude Include="lib\lionheart\graphics\GLShaderProgram.h" />
    <ClInclude Include="lib\lionheart\util\File.h" />
    <ClInclude Include="lib\lionheart\graphics\GLVBO.h" />
    <ClInclude Include="lib\lionheart\graphics\GLEBO.h" />
    <ClInclude Include="lib\lionheart\graphics\GLVAO.h" />
    <ClInclude Include="lib\thirdparty\pugixml\pugiconfig.hpp" />
    <ClInclude Include="lib\thirdparty\pugixml\pugixml.hpp" />
    <ClInclude Include="lib\thirdparty\stb\stb_image.h" />
    <ClInclude Include="lib\lionheart\graphics\GLCamera.h" />
    <ClInclude Include="lib\lionheart\ecs\ComponentBase.h" />
    <ClInclude Include="lib\lionheart\ecs\Registry.h" />
    <ClInclude Include="lib\lionheart\graphics\GLMesh.h" />
    <ClInclude Include="lib\lionheart\graphics\GLModel.h" />
    <ClInclude Include="lib\math\Random.h" />
    <ClInclude Include="lib\math\polygons\Cube.h" />
    <ClInclude Include="lib\worldgen\ValueMap.h" />
    <ClInclude Include="lib\worldgen\components\ModelComponent.h" />
    <ClInclude Include="lib\worldgen\components\TileComponent.h" />
    <ClInclude Include="lib\worldgen\components\HabitablePlanetComponent.h" />
    <ClInclude Include="lib\lionheart\graphics\GLComputeShader.h" />
    <ClInclude Include="lib\worldgen\Fractal.h" />
    <ClInclude Include="lib\worldgen\components\CloudComponent.h" />
    <ClInclude Include="lib\lionheart\ecs\Scheduler.h" />
    <ClInclude Include="lib\worldgen\systems\WorldGeneration.h" />
    <ClInclude Include="lib\worldgen\components\CelestialBodyComponent.h" />
  </ItemGroup>
  <ItemGroup>
    <None Include="lib\1240\components\creatures\BodyPartAttachedComponent.h" />
    <None Include="data\shaders\basicVertexShader.glsl" />
    <None Include="data\shaders\basicFragmentShader.glsl" />
    <None Include="data\shaders\defaultVertexShader.glsl" />
    <None Include="data\shaders\defaultFragmentShader.glsl" />
  </ItemGroup>
  <ItemGroup>
    <Library Include="obj\glfw\glfw3.lib" />
  </ItemGroup>
</Project>